<?xml version="1.0" encoding="utf-8"?>
<Project ToolsVersion="4.0" xmlns="http://schemas.microsoft.com/developer/msbuild/2003">
  <ItemGroup>
    <Filter Include="源文件">
      <UniqueIdentifier>{4FC737F1-C7A5-4376-A066-2A32D752A2FF}</UniqueIdentifier>
      <Extensions>cpp;c;cc;cxx;def;odl;idl;hpj;bat;asm;asmx</Extensions>
    </Filter>
    <Filter Include="头文件">
      <UniqueIdentifier>{93995380-89BD-4b04-88EB-625FBE52EBFB}</UniqueIdentifier>
      <Extensions>h;hh;hpp;hxx;hm;inl;inc;xsd</Extensions>
    </Filter>
    <Filter Include="资源文件">
      <UniqueIdentifier>{67DA6AB6-F800-4c08-8B7A-83BB121AAD01}</UniqueIdentifier>
      <Extensions>rc;ico;cur;bmp;dlg;rc2;rct;bin;rgs;gif;jpg;jpeg;jpe;resx;tiff;tif;png;wav;mfcribbon-ms</Extensions>
    </Filter>
    <Filter Include="common">
      <UniqueIdentifier>{d56988c4-d9a8-4835-903b-1fa125f6511f}</UniqueIdentifier>
    </Filter>
    <Filter Include="network">
      <UniqueIdentifier>{3d908d8d-a692-4f24-9cb1-afe879cae5da}</UniqueIdentifier>
    </Filter>
    <Filter Include="xml">
      <UniqueIdentifier>{80c41aae-fac4-49ee-a97e-63eeb2cbdbbc}</UniqueIdentifier>
    </Filter>
    <Filter Include="image">
      <UniqueIdentifier>{f72a318f-8c95-431d-b945-a89c0784cd58}</UniqueIdentifier>
    </Filter>
    <Filter Include="kepserver">
      <UniqueIdentifier>{bb3e75b3-2e6d-4bae-9f06-b076f4503a8f}</UniqueIdentifier>
    </Filter>
    <Filter Include="camera">
      <UniqueIdentifier>{5252815d-b4cf-40a2-a33b-a90ae54fc3b4}</UniqueIdentifier>
    </Filter>
  </ItemGroup>
  <ItemGroup>
    <Text Include="ReadMe.txt" />
  </ItemGroup>
  <ItemGroup>
    <ClInclude Include="CarSeat_Recognization.h">
      <Filter>头文件</Filter>
    </ClInclude>
    <ClInclude Include="CarSeat_RecognizationDlg.h">
      <Filter>头文件</Filter>
    </ClInclude>
    <ClInclude Include="stdafx.h">
      <Filter>头文件</Filter>
    </ClInclude>
    <ClInclude Include="targetver.h">
      <Filter>头文件</Filter>
    </ClInclude>
    <ClInclude Include="Resource.h">
      <Filter>头文件</Filter>
    </ClInclude>
    <ClInclude Include="common\Log.h">
      <Filter>common</Filter>
    </ClInclude>
    <ClInclude Include="common\ParamManager.h">
      <Filter>common</Filter>
    </ClInclude>
    <ClInclude Include="common\utils.h">
      <Filter>common</Filter>
    </ClInclude>
    <ClInclude Include="network\NetworkTask.h">
      <Filter>network</Filter>
    </ClInclude>
    <ClInclude Include="xml\tinystr.h">
      <Filter>xml</Filter>
    </ClInclude>
    <ClInclude Include="xml\tinyxml.h">
      <Filter>xml</Filter>
    </ClInclude>
    <ClInclude Include="InputDlg.h">
      <Filter>头文件</Filter>
    </ClInclude>
    <ClInclude Include="image\BaseMatch.h">
      <Filter>image</Filter>
    </ClInclude>
    <ClInclude Include="image\COrbFlann.h">
      <Filter>image</Filter>
    </ClInclude>
    <ClInclude Include="image\FileManager.h">
      <Filter>image</Filter>
    </ClInclude>
    <ClInclude Include="image\PatternManager.h">
      <Filter>image</Filter>
    </ClInclude>
    <ClInclude Include="image\TypeIDManager.h">
      <Filter>image</Filter>
    </ClInclude>
    <ClInclude Include="image\ImageClassify.h">
      <Filter>image</Filter>
    </ClInclude>
    <ClInclude Include="kepserver\OPC.h">
      <Filter>kepserver</Filter>
    </ClInclude>
    <ClInclude Include="kepserver\opccomn.h">
      <Filter>kepserver</Filter>
    </ClInclude>
    <ClInclude Include="kepserver\opcda.h">
      <Filter>kepserver</Filter>
    </ClInclude>
    <ClInclude Include="common\md5.h">
      <Filter>common</Filter>
    </ClInclude>
    <ClInclude Include="Camera\Camera.h">
      <Filter>camera</Filter>
    </ClInclude>
    <ClInclude Include="Camera\CameraManager.h">
      <Filter>camera</Filter>
    </ClInclude>
    <ClInclude Include="LoginDlg.h">
      <Filter>头文件</Filter>
    </ClInclude>
    <ClInclude Include="CameraParameterDlg.h">
      <Filter>头文件</Filter>
    </ClInclude>
    <ClInclude Include="Camera\LineCamera.h">
      <Filter>camera</Filter>
    </ClInclude>
    <ClInclude Include="LabelManager.h">
      <Filter>common</Filter>
    </ClInclude>
  </ItemGroup>
  <ItemGroup>
    <ClCompile Include="CarSeat_Recognization.cpp">
      <Filter>源文件</Filter>
    </ClCompile>
    <ClCompile Include="CarSeat_RecognizationDlg.cpp">
      <Filter>源文件</Filter>
    </ClCompile>
    <ClCompile Include="stdafx.cpp">
      <Filter>源文件</Filter>
    </ClCompile>
    <ClCompile Include="common\Log.cpp">
      <Filter>common</Filter>
    </ClCompile>
    <ClCompile Include="common\ParamManager.cpp">
      <Filter>common</Filter>
    </ClCompile>
    <ClCompile Include="common\utils.cpp">
      <Filter>common</Filter>
    </ClCompile>
    <ClCompile Include="network\NetworkTask.cpp">
      <Filter>network</Filter>
    </ClCompile>
    <ClCompile Include="xml\tinystr.cpp">
      <Filter>xml</Filter>
    </ClCompile>
    <ClCompile Include="xml\tinyxml.cpp">
      <Filter>xml</Filter>
    </ClCompile>
    <ClCompile Include="xml\tinyxmlerror.cpp">
      <Filter>xml</Filter>
    </ClCompile>
    <ClCompile Include="xml\tinyxmlparser.cpp">
      <Filter>xml</Filter>
    </ClCompile>
    <ClCompile Include="InputDlg.cpp">
      <Filter>源文件</Filter>
    </ClCompile>
    <ClCompile Include="image\BaseMatch.cpp">
      <Filter>image</Filter>
    </ClCompile>
    <ClCompile Include="image\COrbFlann.cpp">
      <Filter>image</Filter>
    </ClCompile>
    <ClCompile Include="image\FileManager.cpp">
      <Filter>image</Filter>
    </ClCompile>
    <ClCompile Include="image\PatternManager.cpp">
      <Filter>image</Filter>
    </ClCompile>
    <ClCompile Include="image\TypeIDManager.cpp">
      <Filter>image</Filter>
    </ClCompile>
    <ClCompile Include="image\ImageClassify.cpp">
      <Filter>image</Filter>
    </ClCompile>
    <ClCompile Include="kepserver\OPC.cpp">
      <Filter>kepserver</Filter>
    </ClCompile>
    <ClCompile Include="kepserver\opccomn_i.c">
      <Filter>kepserver</Filter>
    </ClCompile>
    <ClCompile Include="kepserver\opcda_i.c">
      <Filter>kepserver</Filter>
    </ClCompile>
    <ClCompile Include="common\md5.cpp">
      <Filter>common</Filter>
    </ClCompile>
    <ClCompile Include="Camera\Camera.cpp">
      <Filter>camera</Filter>
    </ClCompile>
    <ClCompile Include="Camera\CameraManager.cpp">
      <Filter>camera</Filter>
    </ClCompile>
    <ClCompile Include="LoginDlg.cpp">
      <Filter>源文件</Filter>
    </ClCompile>
    <ClCompile Include="CameraParameterDlg.cpp">
      <Filter>源文件</Filter>
    </ClCompile>
    <ClCompile Include="Camera\LineCamera.cpp">
      <Filter>camera</Filter>
    </ClCompile>
    <ClCompile Include="LabelManager.cpp">
      <Filter>common</Filter>
    </ClCompile>
  </ItemGroup>
  <ItemGroup>
    <None Include="CarSeat_Recognization.htm" />
    <None Include="res\CarSeat_Recognization.rc2">
      <Filter>资源文件</Filter>
    </None>
  </ItemGroup>
  <ItemGroup>
    <ResourceCompile Include="CarSeat_Recognization.rc">
      <Filter>资源文件</Filter>
    </ResourceCompile>
  </ItemGroup>
  <ItemGroup>
    <Image Include="res\CarSeat_Recognization.ico">
      <Filter>资源文件</Filter>
    </Image>
    <Image Include="F:\AutocarSeat_Recognition\OriginalImage\Desktop\baseImage\process\ecru_leather_cloth.jpg">
      <Filter>资源文件</Filter>
    </Image>
  </ItemGroup>
</Project>